
Microsoft Visual Studio Solution File, Format Version 12.00
# Visual Studio Version 16
VisualStudioVersion = 16.0.31129.286
MinimumVisualStudioVersion = 10.0.40219.1
Project("{9A19103F-16F7-4668-BE54-9A1E7A4F7556}") = "BlazorRolesMgmt", "BlazorRolesMgmt\BlazorRolesMgmt.csproj", "{ADCEA49A-237E-4B2E-B0E7-CDA036EA2983}"
EndProject
Global
	GlobalSection(SolutionConfigurationPlatforms) = preSolution
		Debug|Any CPU = Debug|Any CPU
		Release|Any CPU = Release|Any CPU
	EndGlobalSection
	GlobalSection(ProjectConfigurationPlatforms) = postSolution
		{ADCEA49A-237E-4B2E-B0E7-CDA036EA2983}.Debug|Any CPU.ActiveCfg = Debug|Any CPU
		{ADCEA49A-237E-4B2E-B0E7-CDA036EA2983}.Debug|Any CPU.Build.0 = Debug|Any CPU
		{ADCEA49A-237E-4B2E-B0E7-CDA036EA2983}.Release|Any CPU.ActiveCfg = Release|Any CPU
		{ADCEA49A-237E-4B2E-B0E7-CDA036EA2983}.Release|Any CPU.Build.0 = Release|Any CPU
	EndGlobalSection
	GlobalSection(SolutionProperties) = preSolution
		HideSolutionNode = FALSE
	EndGlobalSection
	GlobalSection(ExtensibilityGlobals) = postSolution
		SolutionGuid = {42099D07-DD85-4E3A-BBD3-9D8AEE78FC02}
	EndGlobalSection
EndGlobal
